// !$*UTF8*$!
{
	archiveVersion = 1;
	classes = {
	};
	objectVersion = 46;
	objects = {

/* Begin PBXBuildFile section */
		624732C5D6EB2E99E3D89100 /* Pods_Schwifty_Chat.framework in Frameworks */ = {isa = PBXBuildFile; fileRef = 2BBE5E8878DA6CA4F9466BC4 /* Pods_Schwifty_Chat.framework */; };
		DE208AC91E0C75A500DAEB31 /* AppDelegate.swift in Sources */ = {isa = PBXBuildFile; fileRef = DE208AC81E0C75A500DAEB31 /* AppDelegate.swift */; };
		DE208ACB1E0C75A500DAEB31 /* ViewController.swift in Sources */ = {isa = PBXBuildFile; fileRef = DE208ACA1E0C75A500DAEB31 /* ViewController.swift */; };
		DE208ACE1E0C75A500DAEB31 /* Main.storyboard in Resources */ = {isa = PBXBuildFile; fileRef = DE208ACC1E0C75A500DAEB31 /* Main.storyboard */; };
		DE208AD01E0C75A600DAEB31 /* Assets.xcassets in Resources */ = {isa = PBXBuildFile; fileRef = DE208ACF1E0C75A600DAEB31 /* Assets.xcassets */; };
		DE208AD31E0C75A600DAEB31 /* LaunchScreen.storyboard in Resources */ = {isa = PBXBuildFile; fileRef = DE208AD11E0C75A600DAEB31 /* LaunchScreen.storyboard */; };
/* End PBXBuildFile section */

/* Begin PBXFileReference section */
		2BBE5E8878DA6CA4F9466BC4 /* Pods_Schwifty_Chat.framework */ = {isa = PBXFileReference; explicitFileType = wrapper.framework; includeInIndex = 0; path = Pods_Schwifty_Chat.framework; sourceTree = BUILT_PRODUCTS_DIR; };
		9E34D5C6E1D76A17ABA18882 /* Pods-Schwifty Chat.debug.xcconfig */ = {isa = PBXFileReference; includeInIndex = 1; lastKnownFileType = text.xcconfig; name = "Pods-Schwifty Chat.debug.xcconfig"; path = "Pods/Target Support Files/Pods-Schwifty Chat/Pods-Schwifty Chat.debug.xcconfig"; sourceTree = "<group>"; };
		C33CEF0D77F49E99D94055CD /* Pods-Schwifty Chat.release.xcconfig */ = {isa = PBXFileReference; includeInIndex = 1; lastKnownFileType = text.xcconfig; name = "Pods-Schwifty Chat.release.xcconfig"; path = "Pods/Target Support Files/Pods-Schwifty Chat/Pods-Schwifty Chat.release.xcconfig"; sourceTree = "<group>"; };
		DE208AC51E0C75A500DAEB31 /* Schwifty Chat.app */ = {isa = PBXFileReference; explicitFileType = wrapper.application; includeInIndex = 0; path = "Schwifty Chat.app"; sourceTree = BUILT_PRODUCTS_DIR; };
		DE208AC81E0C75A500DAEB31 /* AppDelegate.swift */ = {isa = PBXFileReference; lastKnownFileType = sourcecode.swift; path = AppDelegate.swift; sourceTree = "<group>"; };
		DE208ACA1E0C75A500DAEB31 /* ViewController.swift */ = {isa = PBXFileReference; lastKnownFileType = sourcecode.swift; path = ViewController.swift; sourceTree = "<group>"; };
		DE208ACD1E0C75A500DAEB31 /* Base */ = {isa = PBXFileReference; lastKnownFileType = file.storyboard; name = Base; path = Base.lproj/Main.storyboard; sourceTree = "<group>"; };
		DE208ACF1E0C75A600DAEB31 /* Assets.xcassets */ = {isa = PBXFileReference; lastKnownFileType = folder.assetcatalog; path = Assets.xcassets; sourceTree = "<group>"; };
		DE208AD21E0C75A600DAEB31 /* Base */ = {isa = PBXFileReference; lastKnownFileType = file.storyboard; name = Base; path = Base.lproj/LaunchScreen.storyboard; sourceTree = "<group>"; };
		DE208AD41E0C75A600DAEB31 /* Info.plist */ = {isa = PBXFileReference; lastKnownFileType = text.plist.xml; path = Info.plist; sourceTree = "<group>"; };
/* End PBXFileReference section */

/* Begin PBXFrameworksBuildPhase section */
		DE208AC21E0C75A500DAEB31 /* Frameworks */ = {
			isa = PBXFrameworksBuildPhase;
			buildActionMask = 2147483647;
			files = (
				624732C5D6EB2E99E3D89100 /* Pods_Schwifty_Chat.framework in Frameworks */,
			);
			runOnlyForDeploymentPostprocessing = 0;
		};
/* End PBXFrameworksBuildPhase section */

/* Begin PBXGroup section */
		2920312D7D0E6B68C35C3C79 /* Pods */ = {
			isa = PBXGroup;
			children = (
				9E34D5C6E1D76A17ABA18882 /* Pods-Schwifty Chat.debug.xcconfig */,
				C33CEF0D77F49E99D94055CD /* Pods-Schwifty Chat.release.xcconfig */,
			);
			name = Pods;
			sourceTree = "<group>";
		};
		DA82C1CC6BB68D666AA24B22 /* Frameworks */ = {
			isa = PBXGroup;
			children = (
				2BBE5E8878DA6CA4F9466BC4 /* Pods_Schwifty_Chat.framework */,
			);
			name = Frameworks;
			sourceTree = "<group>";
		};
		DE208ABC1E0C75A500DAEB31 = {
			isa = PBXGroup;
			children = (
				DE208AC71E0C75A500DAEB31 /* Schwifty Chat */,
				DE208AC61E0C75A500DAEB31 /* Products */,
				2920312D7D0E6B68C35C3C79 /* Pods */,
				DA82C1CC6BB68D666AA24B22 /* Frameworks */,
			);
			sourceTree = "<group>";
		};
		DE208AC61E0C75A500DAEB31 /* Products */ = {
			isa = PBXGroup;
			children = (
				DE208AC51E0C75A500DAEB31 /* Schwifty Chat.app */,
			);
			name = Products;
			sourceTree = "<group>";
		};
		DE208AC71E0C75A500DAEB31 /* Schwifty Chat */ = {
			isa = PBXGroup;
			children = (
				DE208ADA1E0C75FD00DAEB31 /* Supporting Files */,
				DE208ACA1E0C75A500DAEB31 /* ViewController.swift */,
				DE208ACC1E0C75A500DAEB31 /* Main.storyboard */,
			);
			path = "Schwifty Chat";
			sourceTree = "<group>";
		};
		DE208ADA1E0C75FD00DAEB31 /* Supporting Files */ = {
			isa = PBXGroup;
			children = (
				DE208AC81E0C75A500DAEB31 /* AppDelegate.swift */,
				DE208ACF1E0C75A600DAEB31 /* Assets.xcassets */,
				DE208AD11E0C75A600DAEB31 /* LaunchScreen.storyboard */,
				DE208AD41E0C75A600DAEB31 /* Info.plist */,
			);
			name = "Supporting Files";
			sourceTree = "<group>";
		};
/* End PBXGroup section */

/* Begin PBXNativeTarget section */
		DE208AC41E0C75A500DAEB31 /* Schwifty Chat */ = {
			isa = PBXNativeTarget;
			buildConfigurationList = DE208AD71E0C75A600DAEB31 /* Build configuration list for PBXNativeTarget "Schwifty Chat" */;
			buildPhases = (
				98E2EEE6FDCFBC52C6FAA026 /* [CP] Check Pods Manifest.lock */,
				DE208AC11E0C75A500DAEB31 /* Sources */,
				DE208AC21E0C75A500DAEB31 /* Frameworks */,
				DE208AC31E0C75A500DAEB31 /* Resources */,
				51D77FAA392A205350476E13 /* [CP] Embed Pods Frameworks */,
				405D1A0BE13921D90AE0A302 /* [CP] Copy Pods Resources */,
			);
			buildRules = (
			);
			dependencies = (
			);
			name = "Schwifty Chat";
			productName = "Schwifty Chat";
			productReference = DE208AC51E0C75A500DAEB31 /* Schwifty Chat.app */;
			productType = "com.apple.product-type.application";
		};
/* End PBXNativeTarget section */

/* Begin PBXProject section */
		DE208ABD1E0C75A500DAEB31 /* Project object */ = {
			isa = PBXProject;
			attributes = {
				LastSwiftUpdateCheck = 0820;
				LastUpgradeCheck = 0820;
				ORGANIZATIONNAME = louie;
				TargetAttributes = {
					DE208AC41E0C75A500DAEB31 = {
						CreatedOnToolsVersion = 8.2;
						DevelopmentTeam = 5LFWG68828;
						ProvisioningStyle = Automatic;
					};
				};
			};
			buildConfigurationList = DE208AC01E0C75A500DAEB31 /* Build configuration list for PBXProject "Schwifty Chat" */;
			compatibilityVersion = "Xcode 3.2";
			developmentRegion = English;
			hasScannedForEncodings = 0;
			knownRegions = (
				en,
				Base,
			);
			mainGroup = DE208ABC1E0C75A500DAEB31;
			productRefGroup = DE208AC61E0C75A500DAEB31 /* Products */;
			projectDirPath = "";
			projectRoot = "";
			targets = (
				DE208AC41E0C75A500DAEB31 /* Schwifty Chat */,
			);
		};
/* End PBXProject section */

/* Begin PBXResourcesBuildPhase section */
		DE208AC31E0C75A500DAEB31 /* Resources */ = {
			isa = PBXResourcesBuildPhase;
			buildActionMask = 2147483647;
			files = (
				DE208AD31E0C75A600DAEB31 /* LaunchScreen.storyboard in Resources */,
				DE208AD01E0C75A600DAEB31 /* Assets.xcassets in Resources */,
				DE208ACE1E0C75A500DAEB31 /* Main.storyboard in Resources */,
			);
			runOnlyForDeploymentPostprocessing = 0;
		};
/* End PBXResourcesBuildPhase section */

/* Begin PBXShellScriptBuildPhase section */
		405D1A0BE13921D90AE0A302 /* [CP] Copy Pods Resources */ = {
			isa = PBXShellScriptBuildPhase;
			buildActionMask = 2147483647;
			files = (
			);
			inputPaths = (
			);
			name = "[CP] Copy Pods Resources";
			outputPaths = (
			);
			runOnlyForDeploymentPostprocessing = 0;
			shellPath = /bin/sh;
			shellScript = "\"${SRCROOT}/Pods/Target Support Files/Pods-Schwifty Chat/Pods-Schwifty Chat-resources.sh\"\n";
			showEnvVarsInLog = 0;
		};
		51D77FAA392A205350476E13 /* [CP] Embed Pods Frameworks */ = {
			isa = PBXShellScriptBuildPhase;
			buildActionMask = 2147483647;
			files = (
			);
			inputPaths = (
			);
			name = "[CP] Embed Pods Frameworks";
			outputPaths = (
			);
			runOnlyForDeploymentPostprocessing = 0;
			shellPath = /bin/sh;
			shellScript = "\"${SRCROOT}/Pods/Target Support Files/Pods-Schwifty Chat/Pods-Schwifty Chat-frameworks.sh\"\n";
			showEnvVarsInLog = 0;
		};
		98E2EEE6FDCFBC52C6FAA026 /* [CP] Check Pods Manifest.lock */ = {
			isa = PBXShellScriptBuildPhase;
			buildActionMask = 2147483647;
			files = (
			);
			inputPaths = (
			);
			name = "[CP] Check Pods Manifest.lock";
			outputPaths = (
			);
			runOnlyForDeploymentPostprocessing = 0;
			shellPath = /bin/sh;
			shellScript = "diff \"${PODS_ROOT}/../Podfile.lock\" \"${PODS_ROOT}/Manifest.lock\" > /dev/null\nif [ $? != 0 ] ; then\n    # print error to STDERR\n    echo \"error: The sandbox is not in sync with the Podfile.lock. Run 'pod install' or update your CocoaPods installation.\" >&2\n    exit 1\nfi\n";
			showEnvVarsInLog = 0;
		};
/* End PBXShellScriptBuildPhase section */

/* Begin PBXSourcesBuildPhase section */
		DE208AC11E0C75A500DAEB31 /* Sources */ = {
			isa = PBXSourcesBuildPhase;
			buildActionMask = 2147483647;
			files = (
				DE208ACB1E0C75A500DAEB31 /* ViewController.swift in Sources */,
				DE208AC91E0C75A500DAEB31 /* AppDelegate.swift in Sources */,
			);
			runOnlyForDeploymentPostprocessing = 0;
		};
/* End PBXSourcesBuildPhase section */

/* Begin PBXVariantGroup section */
		DE208ACC1E0C75A500DAEB31 /* Main.storyboard */ = {
			isa = PBXVariantGroup;
			children = (
				DE208ACD1E0C75A500DAEB31 /* Base */,
			);
			name = Main.storyboard;
			sourceTree = "<group>";
		};
		DE208AD11E0C75A600DAEB31 /* LaunchScreen.storyboard */ = {
			isa = PBXVariantGroup;
			children = (
				DE208AD21E0C75A600DAEB31 /* Base */,
			);
			name = LaunchScreen.storyboard;
			sourceTree = "<group>";
		};
/* End PBXVariantGroup section */

/* Begin XCBuildConfiguration section */
		DE208AD51E0C75A600DAEB31 /* Debug */ = {
			isa = XCBuildConfiguration;
			buildSettings = {
				ALWAYS_SEARCH_USER_PATHS = NO;
				CLANG_ANALYZER_NONNULL = YES;
				CLANG_CXX_LANGUAGE_STANDARD = "gnu++0x";
				CLANG_CXX_LIBRARY = "libc++";
				CLANG_ENABLE_MODULES = YES;
				CLANG_ENABLE_OBJC_ARC = YES;
				CLANG_WARN_BOOL_CONVERSION = YES;
				CLANG_WARN_CONSTANT_CONVERSION = YES;
				CLANG_WARN_DIRECT_OBJC_ISA_USAGE = YES_ERROR;
				CLANG_WARN_DOCUMENTATION_COMMENTS = YES;
				CLANG_WARN_EMPTY_BODY = YES;
				CLANG_WARN_ENUM_CONVERSION = YES;
				CLANG_WARN_INFINITE_RECURSION = YES;
				CLANG_WARN_INT_CONVERSION = YES;
				CLANG_WARN_OBJC_ROOT_CLASS = YES_ERROR;
				CLANG_WARN_SUSPICIOUS_MOVE = YES;
				CLANG_WARN_UNREACHABLE_CODE = YES;
				CLANG_WARN__DUPLICATE_METHOD_MATCH = YES;
				"CODE_SIGN_IDENTITY[sdk=iphoneos*]" = "iPhone Developer";
				COPY_PHASE_STRIP = NO;
				DEBUG_INFORMATION_FORMAT = dwarf;
				ENABLE_STRICT_OBJC_MSGSEND = YES;
				ENABLE_TESTABILITY = YES;
				GCC_C_LANGUAGE_STANDARD = gnu99;
				GCC_DYNAMIC_NO_PIC = NO;
				GCC_NO_COMMON_BLOCKS = YES;
				GCC_OPTIMIZATION_LEVEL = 0;
				GCC_PREPROCESSOR_DEFINITIONS = (
					"DEBUG=1",
					"$(inherited)",
				);
				GCC_WARN_64_TO_32_BIT_CONVERSION = YES;
				GCC_WARN_ABOUT_RETURN_TYPE = YES_ERROR;
				GCC_WARN_UNDECLARED_SELECTOR = YES;
				GCC_WARN_UNINITIALIZED_AUTOS = YES_AGGRESSIVE;
				GCC_WARN_UNUSED_FUNCTION = YES;
				GCC_WARN_UNUSED_VARIABLE = YES;
				IPHONEOS_DEPLOYMENT_TARGET = 10.2;
				MTL_ENABLE_DEBUG_INFO = YES;
				ONLY_ACTIVE_ARCH = YES;
				SDKROOT = iphoneos;
				SWIFT_ACTIVE_COMPILATION_CONDITIONS = DEBUG;
				SWIFT_OPTIMIZATION_LEVEL = "-Onone";
			};
			name = Debug;
		};
		DE208AD61E0C75A600DAEB31 /* Release */ = {
			isa = XCBuildConfiguration;
			buildSettings = {
				ALWAYS_SEARCH_USER_PATHS = NO;
				CLANG_ANALYZER_NONNULL = YES;
				CLANG_CXX_LANGUAGE_STANDARD = "gnu++0x";
				CLANG_CXX_LIBRARY = "libc++";
				CLANG_ENABLE_MODULES = YES;
				CLANG_ENABLE_OBJC_ARC = YES;
				CLANG_WARN_BOOL_CONVERSION = YES;
				CLANG_WARN_CONSTANT_CONVERSION = YES;
				CLANG_WARN_DIRECT_OBJC_ISA_USAGE = YES_ERROR;
				CLANG_WARN_DOCUMENTATION_COMMENTS = YES;
				CLANG_WARN_EMPTY_BODY = YES;
				CLANG_WARN_ENUM_CONVERSION = YES;
				CLANG_WARN_INFINITE_RECURSION = YES;
				CLANG_WARN_INT_CONVERSION = YES;
				CLANG_WARN_OBJC_ROOT_CLASS = YES_ERROR;
				CLANG_WARN_SUSPICIOUS_MOVE = YES;
				CLANG_WARN_UNREACHABLE_CODE = YES;
				CLANG_WARN__DUPLICATE_METHOD_MATCH = YES;
				"CODE_SIGN_IDENTITY[sdk=iphoneos*]" = "iPhone Developer";
				COPY_PHASE_STRIP = NO;
				DEBUG_INFORMATION_FORMAT = "dwarf-with-dsym";
				ENABLE_NS_ASSERTIONS = NO;
				ENABLE_STRICT_OBJC_MSGSEND = YES;
				GCC_C_LANGUAGE_STANDARD = gnu99;
				GCC_NO_COMMON_BLOCKS = YES;
				GCC_WARN_64_TO_32_BIT_CONVERSION = YES;
				GCC_WARN_ABOUT_RETURN_TYPE = YES_ERROR;
				GCC_WARN_UNDECLARED_SELECTOR = YES;
				GCC_WARN_UNINITIALIZED_AUTOS = YES_AGGRESSIVE;
				GCC_WARN_UNUSED_FUNCTION = YES;
				GCC_WARN_UNUSED_VARIABLE = YES;
				IPHONEOS_DEPLOYMENT_TARGET = 10.2;
				MTL_ENABLE_DEBUG_INFO = NO;
				SDKROOT = iphoneos;
				SWIFT_OPTIMIZATION_LEVEL = "-Owholemodule";
				VALIDATE_PRODUCT = YES;
			};
			name = Release;
		};
		DE208AD81E0C75A600DAEB31 /* Debug */ = {
			isa = XCBuildConfiguration;
			baseConfigurationReference = 9E34D5C6E1D76A17ABA18882 /* Pods-Schwifty Chat.debug.xcconfig */;
			buildSettings = {
				ASSETCATALOG_COMPILER_APPICON_NAME = AppIcon;
				DEVELOPMENT_TEAM = 5LFWG68828;
				INFOPLIST_FILE = "Schwifty Chat/Info.plist";
				LD_RUNPATH_SEARCH_PATHS = "$(inherited) @executable_path/Frameworks";
				PRODUCT_BUNDLE_IDENTIFIER = "edu.csumb.louie.Schwifty-Chat";
				PRODUCT_NAME = "$(TARGET_NAME)";
				SWIFT_VERSION = 3.0;
			};
			name = Debug;
		};
		DE208AD91E0C75A600DAEB31 /* Release */ = {
			isa = XCBuildConfiguration;
			baseConfigurationReference = C33CEF0D77F49E99D94055CD /* Pods-Schwifty Chat.release.xcconfig */;
			buildSettings = {
				ASSETCATALOG_COMPILER_APPICON_NAME = AppIcon;
				DEVELOPMENT_TEAM = 5LFWG68828;
				INFOPLIST_FILE = "Schwifty Chat/Info.plist";
				LD_RUNPATH_SEARCH_PATHS = "$(inherited) @executable_path/Frameworks";
				PRODUCT_BUNDLE_IDENTIFIER = "edu.csumb.louie.Schwifty-Chat";
				PRODUCT_NAME = "$(TARGET_NAME)";
				SWIFT_VERSION = 3.0;
			};
			name = Release;
		};
/* End XCBuildConfiguration section */

/* Begin XCConfigurationList section */
		DE208AC01E0C75A500DAEB31 /* Build configuration list for PBXProject "Schwifty Chat" */ = {
			isa = XCConfigurationList;
			buildConfigurations = (
				DE208AD51E0C75A600DAEB31 /* Debug */,
				DE208AD61E0C75A600DAEB31 /* Release */,
			);
			defaultConfigurationIsVisible = 0;
			defaultConfigurationName = Release;
		};
		DE208AD71E0C75A600DAEB31 /* Build configuration list for PBXNativeTarget "Schwifty Chat" */ = {
			isa = XCConfigurationList;
			buildConfigurations = (
				DE208AD81E0C75A600DAEB31 /* Debug */,
				DE208AD91E0C75A600DAEB31 /* Release */,
			);
			defaultConfigurationIsVisible = 0;
		};
/* End XCConfigurationList section */
	};
	rootObject = DE208ABD1E0C75A500DAEB31 /* Project object */;
}
